{
  "lockfile_version": "1",
  "packages": {
    "awscli2@2.19.0": {
      "last_modified": "2024-11-04T15:55:45Z",
      "resolved": "github:NixOS/nixpkgs/a61cd8ff1b45f760bdf142914d517e0ccd31ffed#awscli2",
      "source": "devbox-search",
      "version": "2.19.0",
      "systems": {
        "aarch64-darwin": {
          "outputs": [
            {
              "name": "out",
              "path": "/nix/store/rpqdx3n8fp9cp2vs8x0r2m06iqk243b2-awscli2-2.19.0",
              "default": true
            },
            {
              "name": "dist",
              "path": "/nix/store/1sd1pmy1aj68irlbmmcsqkqyhigj13bf-awscli2-2.19.0-dist"
            }
          ],
          "store_path": "/nix/store/rpqdx3n8fp9cp2vs8x0r2m06iqk243b2-awscli2-2.19.0"
        },
        "aarch64-linux": {
          "outputs": [
            {
              "name": "out",
              "path": "/nix/store/s8j6909dm2jxm30mm4kwvx1yzx9j1zdx-awscli2-2.19.0",
              "default": true
            },
            {
              "name": "dist",
              "path": "/nix/store/rk0y37xd8icvl0jv0hbqaxjdgixybj4s-awscli2-2.19.0-dist"
            }
          ],
          "store_path": "/nix/store/s8j6909dm2jxm30mm4kwvx1yzx9j1zdx-awscli2-2.19.0"
        },
        "x86_64-darwin": {
          "outputs": [
            {
              "name": "out",
              "path": "/nix/store/pvqzkr6rw49bxnfnncc0bcjm78d08mrp-awscli2-2.19.0",
              "default": true
            },
            {
              "name": "dist",
              "path": "/nix/store/z00kiri11ag0qsx12dq9gq89wc1kr03x-awscli2-2.19.0-dist"
            }
          ],
          "store_path": "/nix/store/pvqzkr6rw49bxnfnncc0bcjm78d08mrp-awscli2-2.19.0"
        },
        "x86_64-linux": {
          "outputs": [
            {
              "name": "out",
              "path": "/nix/store/jwc2ry4yqflnniillxwzl1c4vqrwsjdg-awscli2-2.19.0",
              "default": true
            },
            {
              "name": "dist",
              "path": "/nix/store/l6gwpq8pyq0fpcnd5wcjymm9yxvkdb5f-awscli2-2.19.0-dist"
            }
          ],
          "store_path": "/nix/store/jwc2ry4yqflnniillxwzl1c4vqrwsjdg-awscli2-2.19.0"
        }
      }
    },
    "git@2.47.0": {
      "last_modified": "2024-11-03T14:18:04Z",
      "resolved": "github:NixOS/nixpkgs/4ae2e647537bcdbb82265469442713d066675275#git",
      "source": "devbox-search",
      "version": "2.47.0",
      "systems": {
        "aarch64-darwin": {
          "outputs": [
            {
              "name": "out",
              "path": "/nix/store/cyd9di9q6vsdnffn63m75nsnpf425v90-git-2.47.0",
              "default": true
            },
            {
              "name": "doc",
              "path": "/nix/store/gnwfrg822g1bbvpvml0j8n9xyl6ar5ba-git-2.47.0-doc"
            }
          ],
          "store_path": "/nix/store/cyd9di9q6vsdnffn63m75nsnpf425v90-git-2.47.0"
        },
        "aarch64-linux": {
          "outputs": [
            {
              "name": "out",
              "path": "/nix/store/mv9iialik5dplp2aisz57b8p5gxqgf7x-git-2.47.0",
              "default": true
            },
            {
              "name": "doc",
              "path": "/nix/store/yhni7sp17wcmyxs454vyl1pkzl7mjrmw-git-2.47.0-doc"
            },
            {
              "name": "debug",
              "path": "/nix/store/rh25yqlwvhhq88v66n22dvm7rsnhlg57-git-2.47.0-debug"
            }
          ],
          "store_path": "/nix/store/mv9iialik5dplp2aisz57b8p5gxqgf7x-git-2.47.0"
        },
        "x86_64-darwin": {
          "outputs": [
            {
              "name": "out",
              "path": "/nix/store/5c2w03ma8zc4zjszsfhd67xbdhiz40vy-git-2.47.0",
              "default": true
            },
            {
              "name": "doc",
              "path": "/nix/store/dbgivvv0rj7z5c7hkhf4fcy226rkfhp2-git-2.47.0-doc"
            }
          ],
          "store_path": "/nix/store/5c2w03ma8zc4zjszsfhd67xbdhiz40vy-git-2.47.0"
        },
        "x86_64-linux": {
          "outputs": [
            {
              "name": "out",
              "path": "/nix/store/j44p1p9kci9rnrr3aj9a8j8rwvfmg75k-git-2.47.0",
              "default": true
            },
            {
              "name": "debug",
              "path": "/nix/store/z4b92wpp5jqqgsm46hhig3kd50svc50p-git-2.47.0-debug"
            },
            {
              "name": "doc",
              "path": "/nix/store/h2pa58nivani7fx9f9r4q0fpamj89kf7-git-2.47.0-doc"
            }
          ],
          "store_path": "/nix/store/j44p1p9kci9rnrr3aj9a8j8rwvfmg75k-git-2.47.0"
        }
      }
    },
    "go@1.23.2": {
      "last_modified": "2024-11-03T14:18:04Z",
      "resolved": "github:NixOS/nixpkgs/4ae2e647537bcdbb82265469442713d066675275#go",
      "source": "devbox-search",
      "version": "1.23.2",
      "systems": {
        "aarch64-darwin": {
          "outputs": [
            {
              "name": "out",
              "path": "/nix/store/sc8n76lwg70fxcwnkxhqqfvfpvclqijy-go-1.23.2",
              "default": true
            }
          ],
          "store_path": "/nix/store/sc8n76lwg70fxcwnkxhqqfvfpvclqijy-go-1.23.2"
        },
        "aarch64-linux": {
          "outputs": [
            {
              "name": "out",
              "path": "/nix/store/hrhmssn2q67hlc2f43xxwk02h9kqbzhw-go-1.23.2",
              "default": true
            }
          ],
          "store_path": "/nix/store/hrhmssn2q67hlc2f43xxwk02h9kqbzhw-go-1.23.2"
        },
        "x86_64-darwin": {
          "outputs": [
            {
              "name": "out",
              "path": "/nix/store/akm89yc1ysajwi50glv4jmw2k80g8xdj-go-1.23.2",
              "default": true
            }
          ],
          "store_path": "/nix/store/akm89yc1ysajwi50glv4jmw2k80g8xdj-go-1.23.2"
        },
        "x86_64-linux": {
          "outputs": [
            {
              "name": "out",
              "path": "/nix/store/jyhpd4hgq672bm4m4s1r25zm1bx8vd44-go-1.23.2",
              "default": true
            }
          ],
          "store_path": "/nix/store/jyhpd4hgq672bm4m4s1r25zm1bx8vd44-go-1.23.2"
        }
      }
    },
    "terraform@1.9.8": {
      "last_modified": "2024-11-03T14:18:04Z",
      "resolved": "github:NixOS/nixpkgs/4ae2e647537bcdbb82265469442713d066675275#terraform",
      "source": "devbox-search",
      "version": "1.9.8",
      "systems": {
        "aarch64-darwin": {
          "outputs": [
            {
              "name": "out",
              "path": "/nix/store/k28zljbxz15nxmkisywr4prrkggdyxrg-terraform-1.9.8",
              "default": true
            }
          ],
          "store_path": "/nix/store/k28zljbxz15nxmkisywr4prrkggdyxrg-terraform-1.9.8"
        },
        "aarch64-linux": {
          "outputs": [
            {
              "name": "out",
              "path": "/nix/store/nj7fvl3zfwbcz8ylw1rsygnq67grwmr6-terraform-1.9.8",
              "default": true
            }
          ],
          "store_path": "/nix/store/nj7fvl3zfwbcz8ylw1rsygnq67grwmr6-terraform-1.9.8"
        },
        "x86_64-darwin": {
          "outputs": [
            {
              "name": "out",
              "path": "/nix/store/kzqjaf4sflqgi5hfqh2qnllif0da91bz-terraform-1.9.8",
              "default": true
            }
          ],
          "store_path": "/nix/store/kzqjaf4sflqgi5hfqh2qnllif0da91bz-terraform-1.9.8"
        },
        "x86_64-linux": {
          "outputs": [
            {
              "name": "out",
              "path": "/nix/store/y0c02958r31r8yi68ywncg4mlnf5rbfz-terraform-1.9.8",
              "default": true
            }
          ],
          "store_path": "/nix/store/y0c02958r31r8yi68ywncg4mlnf5rbfz-terraform-1.9.8"
        }
      }
    }
  }
}
